{
  "name": "01UCD_V1",
  "version": "1.0.0",
  "lockfileVersion": 1,
  "requires": true,
  "dependencies": {
    "@webcomponents/webcomponentsjs": {
      "version": "2.5.0",
      "resolved": "https://registry.npmjs.org/@webcomponents/webcomponentsjs/-/webcomponentsjs-2.5.0.tgz",
      "integrity": "sha512-C0l51MWQZ9kLzcxOZtniOMohpIFdCLZum7/TEHv3XWFc1Fvt5HCpbSX84x8ltka/JuNKcuiDnxXFkiB2gaePcg==",
      "dev": true
    },
    "lit-element": {
      "version": "2.5.1",
      "resolved": "https://registry.npmjs.org/lit-element/-/lit-element-2.5.1.tgz",
      "integrity": "sha512-ogu7PiJTA33bEK0xGu1dmaX5vhcRjBXCFexPja0e7P7jqLhTpNKYRPmE+GmiCaRVAbiQKGkUgkh/i6+bh++dPQ==",
      "requires": {
        "lit-html": "^1.1.1"
      }
    },
    "lit-html": {
      "version": "1.4.1",
      "resolved": "https://registry.npmjs.org/lit-html/-/lit-html-1.4.1.tgz",
      "integrity": "sha512-B9btcSgPYb1q4oSOb/PrOT6Z/H+r6xuNzfH4lFli/AWhYwdtrgQkQWBbIc6mdnf6E2IL3gDXdkkqNktpU0OZQA=="
    },
    "primo-explore-external-search": {
      "version": "git+https://github.com/UCDavisLibrary/primo-explore-external-search.git#5277eef842a1d8bec63a9539ba28e1578b1ae29f",
      "from": "git+https://github.com/UCDavisLibrary/primo-explore-external-search.git",
      "dev": true
    },
    "primo-explore-hathitrust-availability": {
      "version": "2.7.0",
      "resolved": "https://registry.npmjs.org/primo-explore-hathitrust-availability/-/primo-explore-hathitrust-availability-2.7.0.tgz",
      "integrity": "sha1-nos2cPuNXb6+tNzmmj4dTgSl56E=",
      "dev": true
    }
  }
}
